{
  "version": 4,
  "terraform_version": "1.12.2",
  "serial": 27,
  "lineage": "4db622ed-0143-aaac-9ac6-ee6d10d4b4dd",
  "outputs": {},
  "resources": [
    {
      "mode": "managed",
      "type": "helm_release",
      "name": "frontend",
      "provider": "provider[\"registry.terraform.io/hashicorp/helm\"]",
      "instances": [
        {
          "schema_version": 2,
          "attributes": {
            "atomic": false,
            "chart": "../helm/frontend",
            "cleanup_on_fail": false,
            "create_namespace": false,
            "dependency_update": true,
            "description": null,
            "devel": null,
            "disable_crd_hooks": false,
            "disable_openapi_validation": false,
            "disable_webhooks": false,
            "force_update": false,
            "id": "frontend",
            "keyring": null,
            "lint": false,
            "manifest": null,
            "max_history": 0,
            "metadata": {
              "app_version": "0.10",
              "chart": "frontend",
              "first_deployed": 1755467192,
              "last_deployed": 1755467192,
              "name": "frontend",
              "namespace": "default",
              "notes": "",
              "revision": 1,
              "values": "{\"image\":{\"repository\":\"frontend\",\"tag\":\"latest\"},\"ingress\":{\"enabled\":true,\"hostname\":\"localhost\"},\"replicaCount\":3,\"service\":{\"port\":3000,\"type\":\"LoadBalancer\"}}",
              "version": "0.1.0"
            },
            "name": "frontend",
            "namespace": "default",
            "pass_credentials": false,
            "postrender": null,
            "recreate_pods": false,
            "render_subchart_notes": true,
            "replace": false,
            "repository": "http://192.168.1.135:8081/",
            "repository_ca_file": null,
            "repository_cert_file": null,
            "repository_key_file": null,
            "repository_password": "weiqing",
            "repository_username": "admin",
            "reset_values": false,
            "reuse_values": false,
            "set": null,
            "set_list": null,
            "set_sensitive": null,
            "set_wo": null,
            "set_wo_revision": null,
            "skip_crds": false,
            "status": "deployed",
            "timeout": 300,
            "values": [
              "image:\n  repository: frontend\n  tag: latest\nreplicaCount: 3\nservice:\n  type: LoadBalancer\n  port: 3000\ningress:\n  enabled: true\n  hostname: localhost\n"
            ],
            "verify": false,
            "version": "0.1.0",
            "wait": true,
            "wait_for_jobs": false
          },
          "sensitive_attributes": [
            [
              {
                "type": "get_attr",
                "value": "repository_password"
              }
            ]
          ],
          "identity_schema_version": 0,
          "identity": {
            "namespace": "default",
            "release_name": "frontend"
          }
        }
      ]
    }
  ],
  "check_results": null
}
